
Microsoft Visual Studio Solution File, Format Version 12.00
# Visual Studio Version 17
VisualStudioVersion = 17.4.33103.184
MinimumVisualStudioVersion = 10.0.40219.1
Project("{FAE04EC0-301F-11D3-BF4B-00C04F79EFBC}") = "Task", "Task\Task.csproj", "{64C091C6-1783-4F07-B4D6-6DAA01D3515F}"
EndProject
Global
	GlobalSection(SolutionConfigurationPlatforms) = preSolution
		Debug|Any CPU = Debug|Any CPU
		Release|Any CPU = Release|Any CPU
	EndGlobalSection
	GlobalSection(ProjectConfigurationPlatforms) = postSolution
		{64C091C6-1783-4F07-B4D6-6DAA01D3515F}.Debug|Any CPU.ActiveCfg = Debug|Any CPU
		{64C091C6-1783-4F07-B4D6-6DAA01D3515F}.Debug|Any CPU.Build.0 = Debug|Any CPU
		{64C091C6-1783-4F07-B4D6-6DAA01D3515F}.Release|Any CPU.ActiveCfg = Release|Any CPU
		{64C091C6-1783-4F07-B4D6-6DAA01D3515F}.Release|Any CPU.Build.0 = Release|Any CPU
	EndGlobalSection
	GlobalSection(SolutionProperties) = preSolution
		HideSolutionNode = FALSE
	EndGlobalSection
	GlobalSection(ExtensibilityGlobals) = postSolution
		SolutionGuid = {753E537E-38A1-46C1-AC85-E61C0A5BCD88}
	EndGlobalSection
EndGlobal
